
Microsoft Visual Studio Solution File, Format Version 12.00
# Visual Studio Version 17
VisualStudioVersion = 17.14.36127.28
MinimumVisualStudioVersion = 10.0.40219.1
Project("{FAE04EC0-301F-11D3-BF4B-00C04F79EFBC}") = "Wolverine.Intro.Api", "Wolverine.Intro.Api\Wolverine.Intro.Api.csproj", "{2A537786-B638-4162-87AD-1C58BA02EC0B}"
EndProject
Project("{FAE04EC0-301F-11D3-BF4B-00C04F79EFBC}") = "Wolverine.Intro.Tests", "Wolverine.Intro.Tests\Wolverine.Intro.Tests.csproj", "{C31E1A2A-217F-4FC5-A9F7-5E3B1AB735FB}"
EndProject
Global
	GlobalSection(SolutionConfigurationPlatforms) = preSolution
		Debug|Any CPU = Debug|Any CPU
		Release|Any CPU = Release|Any CPU
	EndGlobalSection
	GlobalSection(ProjectConfigurationPlatforms) = postSolution
		{2A537786-B638-4162-87AD-1C58BA02EC0B}.Debug|Any CPU.ActiveCfg = Debug|Any CPU
		{2A537786-B638-4162-87AD-1C58BA02EC0B}.Debug|Any CPU.Build.0 = Debug|Any CPU
		{2A537786-B638-4162-87AD-1C58BA02EC0B}.Release|Any CPU.ActiveCfg = Release|Any CPU
		{2A537786-B638-4162-87AD-1C58BA02EC0B}.Release|Any CPU.Build.0 = Release|Any CPU
		{C31E1A2A-217F-4FC5-A9F7-5E3B1AB735FB}.Debug|Any CPU.ActiveCfg = Debug|Any CPU
		{C31E1A2A-217F-4FC5-A9F7-5E3B1AB735FB}.Debug|Any CPU.Build.0 = Debug|Any CPU
		{C31E1A2A-217F-4FC5-A9F7-5E3B1AB735FB}.Release|Any CPU.ActiveCfg = Release|Any CPU
		{C31E1A2A-217F-4FC5-A9F7-5E3B1AB735FB}.Release|Any CPU.Build.0 = Release|Any CPU
	EndGlobalSection
	GlobalSection(SolutionProperties) = preSolution
		HideSolutionNode = FALSE
	EndGlobalSection
	GlobalSection(ExtensibilityGlobals) = postSolution
		SolutionGuid = {3C709431-DEB6-4B00-AD4B-4AFEE08A71C8}
	EndGlobalSection
EndGlobal
